{
	"name": "tempus_game",
	"lockfileVersion": 3,
	"requires": true,
	"packages": {
		"": {
			"name": "tempus_game",
			"dependencies": {
				"kaboom": "^2000.2.10",
				"query-string": "^8.1.0",
				"tiled-kaboom": "file:../tiled-kaboom"
			},
			"devDependencies": {
				"esbuild": "^0.17.5"
			},
			"engines": {
				"node": "16.x"
			}
		},
		"node_modules/@esbuild/win32-x64": {
			"version": "0.17.5",
			"cpu": [
				"x64"
			],
			"dev": true,
			"license": "MIT",
			"optional": true,
			"os": [
				"win32"
			],
			"engines": {
				"node": ">=12"
			}
		},
		"node_modules/decode-uri-component": {
			"version": "0.4.1",
			"resolved": "https://registry.npmjs.org/decode-uri-component/-/decode-uri-component-0.4.1.tgz",
			"integrity": "sha512-+8VxcR21HhTy8nOt6jf20w0c9CADrw1O8d+VZ/YzzCt4bJ3uBjw+D1q2osAB8RnpwwaeYBxy0HyKQxD5JBMuuQ==",
			"engines": {
				"node": ">=14.16"
			}
		},
		"node_modules/esbuild": {
			"version": "0.17.5",
			"dev": true,
			"hasInstallScript": true,
			"license": "MIT",
			"bin": {
				"esbuild": "bin/esbuild"
			},
			"engines": {
				"node": ">=12"
			},
			"optionalDependencies": {
				"@esbuild/android-arm": "0.17.5",
				"@esbuild/android-arm64": "0.17.5",
				"@esbuild/android-x64": "0.17.5",
				"@esbuild/darwin-arm64": "0.17.5",
				"@esbuild/darwin-x64": "0.17.5",
				"@esbuild/freebsd-arm64": "0.17.5",
				"@esbuild/freebsd-x64": "0.17.5",
				"@esbuild/linux-arm": "0.17.5",
				"@esbuild/linux-arm64": "0.17.5",
				"@esbuild/linux-ia32": "0.17.5",
				"@esbuild/linux-loong64": "0.17.5",
				"@esbuild/linux-mips64el": "0.17.5",
				"@esbuild/linux-ppc64": "0.17.5",
				"@esbuild/linux-riscv64": "0.17.5",
				"@esbuild/linux-s390x": "0.17.5",
				"@esbuild/linux-x64": "0.17.5",
				"@esbuild/netbsd-x64": "0.17.5",
				"@esbuild/openbsd-x64": "0.17.5",
				"@esbuild/sunos-x64": "0.17.5",
				"@esbuild/win32-arm64": "0.17.5",
				"@esbuild/win32-ia32": "0.17.5",
				"@esbuild/win32-x64": "0.17.5"
			}
		},
		"node_modules/filter-obj": {
			"version": "5.1.0",
			"resolved": "https://registry.npmjs.org/filter-obj/-/filter-obj-5.1.0.tgz",
			"integrity": "sha512-qWeTREPoT7I0bifpPUXtxkZJ1XJzxWtfoWWkdVGqa+eCr3SHW/Ocp89o8vLvbUuQnadybJpjOKu4V+RwO6sGng==",
			"engines": {
				"node": ">=14.16"
			},
			"funding": {
				"url": "https://github.com/sponsors/sindresorhus"
			}
		},
		"node_modules/kaboom": {
			"version": "2000.2.10",
			"license": "MIT"
		},
		"node_modules/pako": {
			"version": "2.1.0",
			"resolved": "https://registry.npmjs.org/pako/-/pako-2.1.0.tgz",
			"integrity": "sha512-w+eufiZ1WuJYgPXbV/PO3NCMEc3xqylkKHzp8bxp1uW4qaSNQUkwmLLEc3kKsfz8lpV1F8Ht3U1Cm+9Srog2ug=="
		},
		"node_modules/query-string": {
			"version": "8.1.0",
			"resolved": "https://registry.npmjs.org/query-string/-/query-string-8.1.0.tgz",
			"integrity": "sha512-BFQeWxJOZxZGix7y+SByG3F36dA0AbTy9o6pSmKFcFz7DAj0re9Frkty3saBn3nHo3D0oZJ/+rx3r8H8r8Jbpw==",
			"dependencies": {
				"decode-uri-component": "^0.4.1",
				"filter-obj": "^5.1.0",
				"split-on-first": "^3.0.0"
			},
			"engines": {
				"node": ">=14.16"
			},
			"funding": {
				"url": "https://github.com/sponsors/sindresorhus"
			}
		},
		"node_modules/split-on-first": {
			"version": "3.0.0",
			"resolved": "https://registry.npmjs.org/split-on-first/-/split-on-first-3.0.0.tgz",
			"integrity": "sha512-qxQJTx2ryR0Dw0ITYyekNQWpz6f8dGd7vffGNflQQ3Iqj9NJ6qiZ7ELpZsJ/QBhIVAiDfXdag3+Gp8RvWa62AA==",
			"engines": {
				"node": ">=12"
			},
			"funding": {
				"url": "https://github.com/sponsors/sindresorhus"
			}
		},
		"node_modules/tiled-kaboom": {
			"version": "0.1.01",
			"resolved": "file:../tiled-kaboom",
			"license": "MIT",
			"dependencies": {
				"pako": "^2.0.3"
			}
		}
	}
}
